
Microsoft Visual Studio Solution File, Format Version 12.00
# Visual Studio Version 17
VisualStudioVersion = 17.7.34031.279
MinimumVisualStudioVersion = 10.0.40219.1
Project("{9A19103F-16F7-4668-BE54-9A1E7A4F7556}") = "ClassCreator.Main", "Program\Main\ClassCreator.Main.csproj", "{51B7E910-3396-4DAF-960B-63BA534DB446}"
EndProject
Project("{2150E333-8FDC-42A3-9474-1A3956D46DE8}") = "DataHandling", "DataHandling", "{2E6F52F7-77BF-4B56-8687-3FA7EE24F48D}"
EndProject
Project("{9A19103F-16F7-4668-BE54-9A1E7A4F7556}") = "ClassCreator.Data.Common", "Data\Common\ClassCreator.Data.Common.csproj", "{AC9082A7-BBB9-424F-9F0A-5FD345FA372D}"
EndProject
Project("{9A19103F-16F7-4668-BE54-9A1E7A4F7556}") = "ClassCreator.Data.DynamoDb", "Data\DynamoDb\ClassCreator.Data.DynamoDb.csproj", "{440FC029-76C9-42AC-9ACE-39C08E3F61F0}"
EndProject
Project("{9A19103F-16F7-4668-BE54-9A1E7A4F7556}") = "ClassCreator.Data.Files", "Data\Files\ClassCreator.Data.Files.csproj", "{6A7A5495-05E9-4E2C-8D6D-53B57E4B7204}"
EndProject
Project("{9A19103F-16F7-4668-BE54-9A1E7A4F7556}") = "ClassCreator.Controllers", "Program\Controllers\ClassCreator.Controllers.csproj", "{A734AAE0-5CFF-4A5D-8B8D-6A253E97E04C}"
EndProject
Project("{9A19103F-16F7-4668-BE54-9A1E7A4F7556}") = "ClassCreator.UnitTests", "Program\UnitTests\ClassCreator.UnitTests.csproj", "{081B5C5C-5A56-41D2-9C75-A1A573C2D2E0}"
EndProject
Global
	GlobalSection(SolutionConfigurationPlatforms) = preSolution
		Debug|Any CPU = Debug|Any CPU
		Debug|x64 = Debug|x64
		Release|Any CPU = Release|Any CPU
		Release|x64 = Release|x64
	EndGlobalSection
	GlobalSection(ProjectConfigurationPlatforms) = postSolution
		{51B7E910-3396-4DAF-960B-63BA534DB446}.Debug|Any CPU.ActiveCfg = Debug|Any CPU
		{51B7E910-3396-4DAF-960B-63BA534DB446}.Debug|Any CPU.Build.0 = Debug|Any CPU
		{51B7E910-3396-4DAF-960B-63BA534DB446}.Debug|x64.ActiveCfg = Debug|x64
		{51B7E910-3396-4DAF-960B-63BA534DB446}.Debug|x64.Build.0 = Debug|x64
		{51B7E910-3396-4DAF-960B-63BA534DB446}.Release|Any CPU.ActiveCfg = Release|Any CPU
		{51B7E910-3396-4DAF-960B-63BA534DB446}.Release|Any CPU.Build.0 = Release|Any CPU
		{51B7E910-3396-4DAF-960B-63BA534DB446}.Release|x64.ActiveCfg = Release|x64
		{51B7E910-3396-4DAF-960B-63BA534DB446}.Release|x64.Build.0 = Release|x64
		{AC9082A7-BBB9-424F-9F0A-5FD345FA372D}.Debug|Any CPU.ActiveCfg = Debug|Any CPU
		{AC9082A7-BBB9-424F-9F0A-5FD345FA372D}.Debug|Any CPU.Build.0 = Debug|Any CPU
		{AC9082A7-BBB9-424F-9F0A-5FD345FA372D}.Debug|x64.ActiveCfg = Debug|Any CPU
		{AC9082A7-BBB9-424F-9F0A-5FD345FA372D}.Debug|x64.Build.0 = Debug|Any CPU
		{AC9082A7-BBB9-424F-9F0A-5FD345FA372D}.Release|Any CPU.ActiveCfg = Release|Any CPU
		{AC9082A7-BBB9-424F-9F0A-5FD345FA372D}.Release|Any CPU.Build.0 = Release|Any CPU
		{AC9082A7-BBB9-424F-9F0A-5FD345FA372D}.Release|x64.ActiveCfg = Release|Any CPU
		{AC9082A7-BBB9-424F-9F0A-5FD345FA372D}.Release|x64.Build.0 = Release|Any CPU
		{440FC029-76C9-42AC-9ACE-39C08E3F61F0}.Debug|Any CPU.ActiveCfg = Debug|Any CPU
		{440FC029-76C9-42AC-9ACE-39C08E3F61F0}.Debug|Any CPU.Build.0 = Debug|Any CPU
		{440FC029-76C9-42AC-9ACE-39C08E3F61F0}.Debug|x64.ActiveCfg = Debug|Any CPU
		{440FC029-76C9-42AC-9ACE-39C08E3F61F0}.Debug|x64.Build.0 = Debug|Any CPU
		{440FC029-76C9-42AC-9ACE-39C08E3F61F0}.Release|Any CPU.ActiveCfg = Release|Any CPU
		{440FC029-76C9-42AC-9ACE-39C08E3F61F0}.Release|Any CPU.Build.0 = Release|Any CPU
		{440FC029-76C9-42AC-9ACE-39C08E3F61F0}.Release|x64.ActiveCfg = Release|Any CPU
		{440FC029-76C9-42AC-9ACE-39C08E3F61F0}.Release|x64.Build.0 = Release|Any CPU
		{6A7A5495-05E9-4E2C-8D6D-53B57E4B7204}.Debug|Any CPU.ActiveCfg = Debug|Any CPU
		{6A7A5495-05E9-4E2C-8D6D-53B57E4B7204}.Debug|Any CPU.Build.0 = Debug|Any CPU
		{6A7A5495-05E9-4E2C-8D6D-53B57E4B7204}.Debug|x64.ActiveCfg = Debug|Any CPU
		{6A7A5495-05E9-4E2C-8D6D-53B57E4B7204}.Debug|x64.Build.0 = Debug|Any CPU
		{6A7A5495-05E9-4E2C-8D6D-53B57E4B7204}.Release|Any CPU.ActiveCfg = Release|Any CPU
		{6A7A5495-05E9-4E2C-8D6D-53B57E4B7204}.Release|Any CPU.Build.0 = Release|Any CPU
		{6A7A5495-05E9-4E2C-8D6D-53B57E4B7204}.Release|x64.ActiveCfg = Release|Any CPU
		{6A7A5495-05E9-4E2C-8D6D-53B57E4B7204}.Release|x64.Build.0 = Release|Any CPU
		{A734AAE0-5CFF-4A5D-8B8D-6A253E97E04C}.Debug|Any CPU.ActiveCfg = Debug|Any CPU
		{A734AAE0-5CFF-4A5D-8B8D-6A253E97E04C}.Debug|Any CPU.Build.0 = Debug|Any CPU
		{A734AAE0-5CFF-4A5D-8B8D-6A253E97E04C}.Debug|x64.ActiveCfg = Debug|x64
		{A734AAE0-5CFF-4A5D-8B8D-6A253E97E04C}.Debug|x64.Build.0 = Debug|x64
		{A734AAE0-5CFF-4A5D-8B8D-6A253E97E04C}.Release|Any CPU.ActiveCfg = Release|Any CPU
		{A734AAE0-5CFF-4A5D-8B8D-6A253E97E04C}.Release|Any CPU.Build.0 = Release|Any CPU
		{A734AAE0-5CFF-4A5D-8B8D-6A253E97E04C}.Release|x64.ActiveCfg = Release|x64
		{A734AAE0-5CFF-4A5D-8B8D-6A253E97E04C}.Release|x64.Build.0 = Release|x64
		{081B5C5C-5A56-41D2-9C75-A1A573C2D2E0}.Debug|Any CPU.ActiveCfg = Debug|Any CPU
		{081B5C5C-5A56-41D2-9C75-A1A573C2D2E0}.Debug|Any CPU.Build.0 = Debug|Any CPU
		{081B5C5C-5A56-41D2-9C75-A1A573C2D2E0}.Debug|x64.ActiveCfg = Debug|Any CPU
		{081B5C5C-5A56-41D2-9C75-A1A573C2D2E0}.Debug|x64.Build.0 = Debug|Any CPU
		{081B5C5C-5A56-41D2-9C75-A1A573C2D2E0}.Release|Any CPU.ActiveCfg = Release|Any CPU
		{081B5C5C-5A56-41D2-9C75-A1A573C2D2E0}.Release|Any CPU.Build.0 = Release|Any CPU
		{081B5C5C-5A56-41D2-9C75-A1A573C2D2E0}.Release|x64.ActiveCfg = Release|Any CPU
		{081B5C5C-5A56-41D2-9C75-A1A573C2D2E0}.Release|x64.Build.0 = Release|Any CPU
	EndGlobalSection
	GlobalSection(SolutionProperties) = preSolution
		HideSolutionNode = FALSE
	EndGlobalSection
	GlobalSection(NestedProjects) = preSolution
		{AC9082A7-BBB9-424F-9F0A-5FD345FA372D} = {2E6F52F7-77BF-4B56-8687-3FA7EE24F48D}
		{440FC029-76C9-42AC-9ACE-39C08E3F61F0} = {2E6F52F7-77BF-4B56-8687-3FA7EE24F48D}
		{6A7A5495-05E9-4E2C-8D6D-53B57E4B7204} = {2E6F52F7-77BF-4B56-8687-3FA7EE24F48D}
	EndGlobalSection
	GlobalSection(ExtensibilityGlobals) = postSolution
		SolutionGuid = {2D85BFEB-6EEE-4100-A777-C2FC63823EF6}
	EndGlobalSection
EndGlobal
